Microsoft Visual Studio Solution File, Format Version 11.00
# Visual Studio 2008

Project("{5DD3BC4F-CD9E-A336-CA4C-C10C74EB9ACC}") = "Drill-a-Bit", "Assembly-CSharp.csproj", "{11D162A1-9C18-36A5-2A3D-796FA3A1164E}"
EndProject
Global
	GlobalSection(SolutionConfigurationPlatforms) = preSolution
		Debug|Any CPU = Debug|Any CPU
		Release|Any CPU = Release|Any CPU
	EndGlobalSection
	GlobalSection(ProjectConfigurationPlatforms) = postSolution
		{11D162A1-9C18-36A5-2A3D-796FA3A1164E}.Debug|Any CPU.ActiveCfg = Debug|Any CPU
		{11D162A1-9C18-36A5-2A3D-796FA3A1164E}.Debug|Any CPU.Build.0 = Debug|Any CPU
		{11D162A1-9C18-36A5-2A3D-796FA3A1164E}.Release|Any CPU.ActiveCfg = Release|Any CPU
		{11D162A1-9C18-36A5-2A3D-796FA3A1164E}.Release|Any CPU.Build.0 = Release|Any CPU
	EndGlobalSection
	GlobalSection(SolutionProperties) = preSolution
		HideSolutionNode = FALSE
	EndGlobalSection
	GlobalSection(MonoDevelopProperties) = preSolution
		StartupItem = Assembly-CSharp.csproj
	EndGlobalSection
EndGlobal
